
Microsoft Visual Studio Solution File, Format Version 12.00
# Visual Studio Version 16
VisualStudioVersion = 16.0.30503.244
MinimumVisualStudioVersion = 10.0.40219.1
Project("{FAE04EC0-301F-11D3-BF4B-00C04F79EFBC}") = "BlazorProgressiveWebApplication", "BlazorProgressiveWebApplication\BlazorProgressiveWebApplication.csproj", "{0AB960EC-7EFF-48F2-8E57-9EE0D00AFD4A}"
EndProject
Global
	GlobalSection(SolutionConfigurationPlatforms) = preSolution
		Debug|Any CPU = Debug|Any CPU
		Release|Any CPU = Release|Any CPU
	EndGlobalSection
	GlobalSection(ProjectConfigurationPlatforms) = postSolution
		{0AB960EC-7EFF-48F2-8E57-9EE0D00AFD4A}.Debug|Any CPU.ActiveCfg = Debug|Any CPU
		{0AB960EC-7EFF-48F2-8E57-9EE0D00AFD4A}.Debug|Any CPU.Build.0 = Debug|Any CPU
		{0AB960EC-7EFF-48F2-8E57-9EE0D00AFD4A}.Release|Any CPU.ActiveCfg = Release|Any CPU
		{0AB960EC-7EFF-48F2-8E57-9EE0D00AFD4A}.Release|Any CPU.Build.0 = Release|Any CPU
	EndGlobalSection
	GlobalSection(SolutionProperties) = preSolution
		HideSolutionNode = FALSE
	EndGlobalSection
	GlobalSection(ExtensibilityGlobals) = postSolution
		SolutionGuid = {C22F9F57-DE4E-494A-8591-A8166EC5B98F}
	EndGlobalSection
EndGlobal
